// !$*UTF8*$!
{
	archiveVersion = 1;
	classes = {
	};
	objectVersion = 77;
	objects = {

/* Begin PBXBuildFile section */
		6051C08C2E20EEC200959CE0 /* Assets.xcassets in Resources */ = {isa = PBXBuildFile; fileRef = 6051C0882E20EEC200959CE0 /* Assets.xcassets */; };
		6051C08D2E20EEC200959CE0 /* ContentView.swift in Sources */ = {isa = PBXBuildFile; fileRef = 6051C0892E20EEC200959CE0 /* ContentView.swift */; };
		6051C08E2E20EEC200959CE0 /* RamujikunApp.swift in Sources */ = {isa = PBXBuildFile; fileRef = 6051C08A2E20EEC200959CE0 /* RamujikunApp.swift */; };
		6051C0902E20F06900959CE0 /* GoogleService-Info.plist in Resources */ = {isa = PBXBuildFile; fileRef = 6051C08F2E20F06900959CE0 /* GoogleService-Info.plist */; };
		6051C0942E20F1F700959CE0 /* FirebaseAuth in Frameworks */ = {isa = PBXBuildFile; productRef = 6051C0932E20F1F700959CE0 /* FirebaseAuth */; };
		6051C0962E20F1F700959CE0 /* FirebaseFirestore in Frameworks */ = {isa = PBXBuildFile; productRef = 6051C0952E20F1F700959CE0 /* FirebaseFirestore */; };
		6051C0C72E20FCAA00959CE0 /* Mood.swift in Sources */ = {isa = PBXBuildFile; fileRef = 6051C0C62E20FCAA00959CE0 /* Mood.swift */; };
		6051C0C92E210A5900959CE0 /* AuthService.swift in Sources */ = {isa = PBXBuildFile; fileRef = 6051C0C82E210A5900959CE0 /* AuthService.swift */; };
		6051C0CB2E210AA900959CE0 /* MoodRepository.swift in Sources */ = {isa = PBXBuildFile; fileRef = 6051C0CA2E210AA900959CE0 /* MoodRepository.swift */; };
		6051C0CD2E210ACE00959CE0 /* NotificationService.swift in Sources */ = {isa = PBXBuildFile; fileRef = 6051C0CC2E210ACE00959CE0 /* NotificationService.swift */; };
		6051C0CF2E210B8100959CE0 /* AuthViewModel.swift in Sources */ = {isa = PBXBuildFile; fileRef = 6051C0CE2E210B8100959CE0 /* AuthViewModel.swift */; };
		6051C0D12E210B9600959CE0 /* CalendarViewModel.swift in Sources */ = {isa = PBXBuildFile; fileRef = 6051C0D02E210B9600959CE0 /* CalendarViewModel.swift */; };
		6051C0D32E210BA500959CE0 /* MoodEntryViewModel.swift in Sources */ = {isa = PBXBuildFile; fileRef = 6051C0D22E210BA500959CE0 /* MoodEntryViewModel.swift */; };
		6051C0D52E210BBC00959CE0 /* StatisticViewModel.swift in Sources */ = {isa = PBXBuildFile; fileRef = 6051C0D42E210BBC00959CE0 /* StatisticViewModel.swift */; };
		6051C0D72E210BD200959CE0 /* ReminderViewModel.swift in Sources */ = {isa = PBXBuildFile; fileRef = 6051C0D62E210BD200959CE0 /* ReminderViewModel.swift */; };
		6051C0D92E210BE600959CE0 /* CalendarView.swift in Sources */ = {isa = PBXBuildFile; fileRef = 6051C0D82E210BE600959CE0 /* CalendarView.swift */; };
		6051C0DB2E210BF400959CE0 /* SettingsView.swift in Sources */ = {isa = PBXBuildFile; fileRef = 6051C0DA2E210BF400959CE0 /* SettingsView.swift */; };
		6051C0DD2E210C0000959CE0 /* MoodEntryView.swift in Sources */ = {isa = PBXBuildFile; fileRef = 6051C0DC2E210C0000959CE0 /* MoodEntryView.swift */; };
		6051C0DF2E210C1200959CE0 /* AuthenticationView.swift in Sources */ = {isa = PBXBuildFile; fileRef = 6051C0DE2E210C1200959CE0 /* AuthenticationView.swift */; };
		6051C0E12E210C2E00959CE0 /* ReminderSettingsView.swift in Sources */ = {isa = PBXBuildFile; fileRef = 6051C0E02E210C2E00959CE0 /* ReminderSettingsView.swift */; };
		6051C0E32E210DC500959CE0 /* StatisticView.swift in Sources */ = {isa = PBXBuildFile; fileRef = 6051C0E22E210DC500959CE0 /* StatisticView.swift */; };
		6051C0E52E210E5000959CE0 /* Accessibility.swift in Sources */ = {isa = PBXBuildFile; fileRef = 6051C0E42E210E5000959CE0 /* Accessibility.swift */; };
		6051C0E72E210E6C00959CE0 /* AppError.swift in Sources */ = {isa = PBXBuildFile; fileRef = 6051C0E62E210E6C00959CE0 /* AppError.swift */; };
		6051C0E92E210E8000959CE0 /* Color+Theme.swift in Sources */ = {isa = PBXBuildFile; fileRef = 6051C0E82E210E8000959CE0 /* Color+Theme.swift */; };
		6051C0EB2E210E9E00959CE0 /* Validation.swift in Sources */ = {isa = PBXBuildFile; fileRef = 6051C0EA2E210E9E00959CE0 /* Validation.swift */; };
/* End PBXBuildFile section */

/* Begin PBXFileReference section */
		6051C06C2E20EE4600959CE0 /* Ramujikun.app */ = {isa = PBXFileReference; explicitFileType = wrapper.application; includeInIndex = 0; path = Ramujikun.app; sourceTree = BUILT_PRODUCTS_DIR; };
		6051C0882E20EEC200959CE0 /* Assets.xcassets */ = {isa = PBXFileReference; lastKnownFileType = folder.assetcatalog; path = Assets.xcassets; sourceTree = "<group>"; };
		6051C0892E20EEC200959CE0 /* ContentView.swift */ = {isa = PBXFileReference; lastKnownFileType = sourcecode.swift; path = ContentView.swift; sourceTree = "<group>"; };
		6051C08A2E20EEC200959CE0 /* RamujikunApp.swift */ = {isa = PBXFileReference; lastKnownFileType = sourcecode.swift; path = RamujikunApp.swift; sourceTree = "<group>"; };
		6051C08F2E20F06900959CE0 /* GoogleService-Info.plist */ = {isa = PBXFileReference; lastKnownFileType = text.plist.xml; path = "GoogleService-Info.plist"; sourceTree = "<group>"; };
		6051C0912E20F08B00959CE0 /* .gitignore */ = {isa = PBXFileReference; lastKnownFileType = text; path = .gitignore; sourceTree = "<group>"; };
		6051C0C62E20FCAA00959CE0 /* Mood.swift */ = {isa = PBXFileReference; lastKnownFileType = sourcecode.swift; path = Mood.swift; sourceTree = "<group>"; };
		6051C0C82E210A5900959CE0 /* AuthService.swift */ = {isa = PBXFileReference; lastKnownFileType = sourcecode.swift; path = AuthService.swift; sourceTree = "<group>"; };
		6051C0CA2E210AA900959CE0 /* MoodRepository.swift */ = {isa = PBXFileReference; lastKnownFileType = sourcecode.swift; path = MoodRepository.swift; sourceTree = "<group>"; };
		6051C0CC2E210ACE00959CE0 /* NotificationService.swift */ = {isa = PBXFileReference; lastKnownFileType = sourcecode.swift; path = NotificationService.swift; sourceTree = "<group>"; };
		6051C0CE2E210B8100959CE0 /* AuthViewModel.swift */ = {isa = PBXFileReference; lastKnownFileType = sourcecode.swift; path = AuthViewModel.swift; sourceTree = "<group>"; };
		6051C0D02E210B9600959CE0 /* CalendarViewModel.swift */ = {isa = PBXFileReference; lastKnownFileType = sourcecode.swift; path = CalendarViewModel.swift; sourceTree = "<group>"; };
		6051C0D22E210BA500959CE0 /* MoodEntryViewModel.swift */ = {isa = PBXFileReference; lastKnownFileType = sourcecode.swift; path = MoodEntryViewModel.swift; sourceTree = "<group>"; };
		6051C0D42E210BBC00959CE0 /* StatisticViewModel.swift */ = {isa = PBXFileReference; lastKnownFileType = sourcecode.swift; path = StatisticViewModel.swift; sourceTree = "<group>"; };
		6051C0D62E210BD200959CE0 /* ReminderViewModel.swift */ = {isa = PBXFileReference; lastKnownFileType = sourcecode.swift; path = ReminderViewModel.swift; sourceTree = "<group>"; };
		6051C0D82E210BE600959CE0 /* CalendarView.swift */ = {isa = PBXFileReference; lastKnownFileType = sourcecode.swift; path = CalendarView.swift; sourceTree = "<group>"; };
		6051C0DA2E210BF400959CE0 /* SettingsView.swift */ = {isa = PBXFileReference; lastKnownFileType = sourcecode.swift; path = SettingsView.swift; sourceTree = "<group>"; };
		6051C0DC2E210C0000959CE0 /* MoodEntryView.swift */ = {isa = PBXFileReference; lastKnownFileType = sourcecode.swift; path = MoodEntryView.swift; sourceTree = "<group>"; };
		6051C0DE2E210C1200959CE0 /* AuthenticationView.swift */ = {isa = PBXFileReference; lastKnownFileType = sourcecode.swift; path = AuthenticationView.swift; sourceTree = "<group>"; };
		6051C0E02E210C2E00959CE0 /* ReminderSettingsView.swift */ = {isa = PBXFileReference; lastKnownFileType = sourcecode.swift; path = ReminderSettingsView.swift; sourceTree = "<group>"; };
		6051C0E22E210DC500959CE0 /* StatisticView.swift */ = {isa = PBXFileReference; lastKnownFileType = sourcecode.swift; path = StatisticView.swift; sourceTree = "<group>"; };
		6051C0E42E210E5000959CE0 /* Accessibility.swift */ = {isa = PBXFileReference; lastKnownFileType = sourcecode.swift; path = Accessibility.swift; sourceTree = "<group>"; };
		6051C0E62E210E6C00959CE0 /* AppError.swift */ = {isa = PBXFileReference; lastKnownFileType = sourcecode.swift; path = AppError.swift; sourceTree = "<group>"; };
		6051C0E82E210E8000959CE0 /* Color+Theme.swift */ = {isa = PBXFileReference; lastKnownFileType = sourcecode.swift; path = "Color+Theme.swift"; sourceTree = "<group>"; };
		6051C0EA2E210E9E00959CE0 /* Validation.swift */ = {isa = PBXFileReference; lastKnownFileType = sourcecode.swift; path = Validation.swift; sourceTree = "<group>"; };
		6051C0EC2E2113B700959CE0 /* Info.plist */ = {isa = PBXFileReference; lastKnownFileType = text.plist; path = Info.plist; sourceTree = "<group>"; };
/* End PBXFileReference section */

/* Begin PBXFrameworksBuildPhase section */
		6051C0692E20EE4600959CE0 /* Frameworks */ = {
			isa = PBXFrameworksBuildPhase;
			buildActionMask = 2147483647;
			files = (
				6051C0942E20F1F700959CE0 /* FirebaseAuth in Frameworks */,
				6051C0962E20F1F700959CE0 /* FirebaseFirestore in Frameworks */,
			);
			runOnlyForDeploymentPostprocessing = 0;
		};
/* End PBXFrameworksBuildPhase section */

/* Begin PBXGroup section */
		6051C0632E20EE4600959CE0 = {
			isa = PBXGroup;
			children = (
				6051C08B2E20EEC200959CE0 /* Ramujikun */,
				6051C06D2E20EE4600959CE0 /* Products */,
			);
			sourceTree = "<group>";
		};
		6051C06D2E20EE4600959CE0 /* Products */ = {
			isa = PBXGroup;
			children = (
				6051C06C2E20EE4600959CE0 /* Ramujikun.app */,
			);
			name = Products;
			sourceTree = "<group>";
		};
		6051C0812E20EEC200959CE0 /* App */ = {
			isa = PBXGroup;
			children = (
				6051C08A2E20EEC200959CE0 /* RamujikunApp.swift */,
			);
			path = App;
			sourceTree = "<group>";
		};
		6051C0822E20EEC200959CE0 /* Model */ = {
			isa = PBXGroup;
			children = (
				6051C0C62E20FCAA00959CE0 /* Mood.swift */,
			);
			path = Model;
			sourceTree = "<group>";
		};
		6051C0832E20EEC200959CE0 /* Repository */ = {
			isa = PBXGroup;
			children = (
				6051C0CA2E210AA900959CE0 /* MoodRepository.swift */,
			);
			path = Repository;
			sourceTree = "<group>";
		};
		6051C0842E20EEC200959CE0 /* Service */ = {
			isa = PBXGroup;
			children = (
				6051C0C82E210A5900959CE0 /* AuthService.swift */,
				6051C0CC2E210ACE00959CE0 /* NotificationService.swift */,
			);
			path = Service;
			sourceTree = "<group>";
		};
		6051C0852E20EEC200959CE0 /* Util */ = {
			isa = PBXGroup;
			children = (
				6051C0E42E210E5000959CE0 /* Accessibility.swift */,
				6051C0E62E210E6C00959CE0 /* AppError.swift */,
				6051C0E82E210E8000959CE0 /* Color+Theme.swift */,
				6051C0EA2E210E9E00959CE0 /* Validation.swift */,
			);
			path = Util;
			sourceTree = "<group>";
		};
		6051C0862E20EEC200959CE0 /* View */ = {
			isa = PBXGroup;
			children = (
				6051C0D82E210BE600959CE0 /* CalendarView.swift */,
				6051C0DA2E210BF400959CE0 /* SettingsView.swift */,
				6051C0DC2E210C0000959CE0 /* MoodEntryView.swift */,
				6051C0DE2E210C1200959CE0 /* AuthenticationView.swift */,
				6051C0E02E210C2E00959CE0 /* ReminderSettingsView.swift */,
				6051C0E22E210DC500959CE0 /* StatisticView.swift */,
			);
			path = View;
			sourceTree = "<group>";
		};
		6051C0872E20EEC200959CE0 /* ViewModel */ = {
			isa = PBXGroup;
			children = (
				6051C0CE2E210B8100959CE0 /* AuthViewModel.swift */,
				6051C0D02E210B9600959CE0 /* CalendarViewModel.swift */,
				6051C0D22E210BA500959CE0 /* MoodEntryViewModel.swift */,
				6051C0D42E210BBC00959CE0 /* StatisticViewModel.swift */,
				6051C0D62E210BD200959CE0 /* ReminderViewModel.swift */,
			);
			path = ViewModel;
			sourceTree = "<group>";
		};
		6051C08B2E20EEC200959CE0 /* Ramujikun */ = {
			isa = PBXGroup;
			children = (
				6051C0EC2E2113B700959CE0 /* Info.plist */,
				6051C0812E20EEC200959CE0 /* App */,
				6051C0822E20EEC200959CE0 /* Model */,
				6051C0862E20EEC200959CE0 /* View */,
				6051C0872E20EEC200959CE0 /* ViewModel */,
				6051C0842E20EEC200959CE0 /* Service */,
				6051C0832E20EEC200959CE0 /* Repository */,
				6051C0852E20EEC200959CE0 /* Util */,
				6051C0882E20EEC200959CE0 /* Assets.xcassets */,
				6051C0892E20EEC200959CE0 /* ContentView.swift */,
				6051C0912E20F08B00959CE0 /* .gitignore */,
				6051C08F2E20F06900959CE0 /* GoogleService-Info.plist */,
			);
			path = Ramujikun;
			sourceTree = "<group>";
		};
/* End PBXGroup section */

/* Begin PBXNativeTarget section */
		6051C06B2E20EE4600959CE0 /* Ramujikun */ = {
			isa = PBXNativeTarget;
			buildConfigurationList = 6051C0772E20EE4800959CE0 /* Build configuration list for PBXNativeTarget "Ramujikun" */;
			buildPhases = (
				6051C0682E20EE4600959CE0 /* Sources */,
				6051C0692E20EE4600959CE0 /* Frameworks */,
				6051C06A2E20EE4600959CE0 /* Resources */,
			);
			buildRules = (
			);
			dependencies = (
			);
			name = Ramujikun;
			packageProductDependencies = (
				6051C0932E20F1F700959CE0 /* FirebaseAuth */,
				6051C0952E20F1F700959CE0 /* FirebaseFirestore */,
			);
			productName = Ramujikun;
			productReference = 6051C06C2E20EE4600959CE0 /* Ramujikun.app */;
			productType = "com.apple.product-type.application";
		};
/* End PBXNativeTarget section */

/* Begin PBXProject section */
		6051C0642E20EE4600959CE0 /* Project object */ = {
			isa = PBXProject;
			attributes = {
				BuildIndependentTargetsInParallel = 1;
				LastSwiftUpdateCheck = 1640;
				LastUpgradeCheck = 1640;
				TargetAttributes = {
					6051C06B2E20EE4600959CE0 = {
						CreatedOnToolsVersion = 16.4;
					};
				};
			};
			buildConfigurationList = 6051C0672E20EE4600959CE0 /* Build configuration list for PBXProject "Ramujikun" */;
			developmentRegion = en;
			hasScannedForEncodings = 0;
			knownRegions = (
				en,
				Base,
			);
			mainGroup = 6051C0632E20EE4600959CE0;
			minimizedProjectReferenceProxies = 1;
			packageReferences = (
				6051C0922E20F1F700959CE0 /* XCRemoteSwiftPackageReference "firebase-ios-sdk" */,
			);
			preferredProjectObjectVersion = 77;
			productRefGroup = 6051C06D2E20EE4600959CE0 /* Products */;
			projectDirPath = "";
			projectRoot = "";
			targets = (
				6051C06B2E20EE4600959CE0 /* Ramujikun */,
			);
		};
/* End PBXProject section */

/* Begin PBXResourcesBuildPhase section */
		6051C06A2E20EE4600959CE0 /* Resources */ = {
			isa = PBXResourcesBuildPhase;
			buildActionMask = 2147483647;
			files = (
				6051C08C2E20EEC200959CE0 /* Assets.xcassets in Resources */,
				6051C0902E20F06900959CE0 /* GoogleService-Info.plist in Resources */,
			);
			runOnlyForDeploymentPostprocessing = 0;
		};
/* End PBXResourcesBuildPhase section */

/* Begin PBXSourcesBuildPhase section */
		6051C0682E20EE4600959CE0 /* Sources */ = {
			isa = PBXSourcesBuildPhase;
			buildActionMask = 2147483647;
			files = (
				6051C0D12E210B9600959CE0 /* CalendarViewModel.swift in Sources */,
				6051C0CB2E210AA900959CE0 /* MoodRepository.swift in Sources */,
				6051C0E72E210E6C00959CE0 /* AppError.swift in Sources */,
				6051C0D92E210BE600959CE0 /* CalendarView.swift in Sources */,
				6051C08D2E20EEC200959CE0 /* ContentView.swift in Sources */,
				6051C0E92E210E8000959CE0 /* Color+Theme.swift in Sources */,
				6051C0E32E210DC500959CE0 /* StatisticView.swift in Sources */,
				6051C0C72E20FCAA00959CE0 /* Mood.swift in Sources */,
				6051C0D32E210BA500959CE0 /* MoodEntryViewModel.swift in Sources */,
				6051C0CF2E210B8100959CE0 /* AuthViewModel.swift in Sources */,
				6051C0E12E210C2E00959CE0 /* ReminderSettingsView.swift in Sources */,
				6051C08E2E20EEC200959CE0 /* RamujikunApp.swift in Sources */,
				6051C0DD2E210C0000959CE0 /* MoodEntryView.swift in Sources */,
				6051C0EB2E210E9E00959CE0 /* Validation.swift in Sources */,
				6051C0CD2E210ACE00959CE0 /* NotificationService.swift in Sources */,
				6051C0C92E210A5900959CE0 /* AuthService.swift in Sources */,
				6051C0D52E210BBC00959CE0 /* StatisticViewModel.swift in Sources */,
				6051C0D72E210BD200959CE0 /* ReminderViewModel.swift in Sources */,
				6051C0DB2E210BF400959CE0 /* SettingsView.swift in Sources */,
				6051C0E52E210E5000959CE0 /* Accessibility.swift in Sources */,
				6051C0DF2E210C1200959CE0 /* AuthenticationView.swift in Sources */,
			);
			runOnlyForDeploymentPostprocessing = 0;
		};
/* End PBXSourcesBuildPhase section */

/* Begin XCBuildConfiguration section */
		6051C0752E20EE4800959CE0 /* Debug */ = {
			isa = XCBuildConfiguration;
			buildSettings = {
				ALWAYS_SEARCH_USER_PATHS = NO;
				ASSETCATALOG_COMPILER_GENERATE_SWIFT_ASSET_SYMBOL_EXTENSIONS = YES;
				CLANG_ANALYZER_NONNULL = YES;
				CLANG_ANALYZER_NUMBER_OBJECT_CONVERSION = YES_AGGRESSIVE;
				CLANG_CXX_LANGUAGE_STANDARD = "gnu++20";
				CLANG_ENABLE_MODULES = YES;
				CLANG_ENABLE_OBJC_ARC = YES;
				CLANG_ENABLE_OBJC_WEAK = YES;
				CLANG_WARN_BLOCK_CAPTURE_AUTORELEASING = YES;
				CLANG_WARN_BOOL_CONVERSION = YES;
				CLANG_WARN_COMMA = YES;
				CLANG_WARN_CONSTANT_CONVERSION = YES;
				CLANG_WARN_DEPRECATED_OBJC_IMPLEMENTATIONS = YES;
				CLANG_WARN_DIRECT_OBJC_ISA_USAGE = YES_ERROR;
				CLANG_WARN_DOCUMENTATION_COMMENTS = YES;
				CLANG_WARN_EMPTY_BODY = YES;
				CLANG_WARN_ENUM_CONVERSION = YES;
				CLANG_WARN_INFINITE_RECURSION = YES;
				CLANG_WARN_INT_CONVERSION = YES;
				CLANG_WARN_NON_LITERAL_NULL_CONVERSION = YES;
				CLANG_WARN_OBJC_IMPLICIT_RETAIN_SELF = YES;
				CLANG_WARN_OBJC_LITERAL_CONVERSION = YES;
				CLANG_WARN_OBJC_ROOT_CLASS = YES_ERROR;
				CLANG_WARN_QUOTED_INCLUDE_IN_FRAMEWORK_HEADER = YES;
				CLANG_WARN_RANGE_LOOP_ANALYSIS = YES;
				CLANG_WARN_STRICT_PROTOTYPES = YES;
				CLANG_WARN_SUSPICIOUS_MOVE = YES;
				CLANG_WARN_UNGUARDED_AVAILABILITY = YES_AGGRESSIVE;
				CLANG_WARN_UNREACHABLE_CODE = YES;
				CLANG_WARN__DUPLICATE_METHOD_MATCH = YES;
				COPY_PHASE_STRIP = NO;
				DEBUG_INFORMATION_FORMAT = dwarf;
				DEVELOPMENT_TEAM = 25233JX367;
				ENABLE_STRICT_OBJC_MSGSEND = YES;
				ENABLE_TESTABILITY = YES;
				ENABLE_USER_SCRIPT_SANDBOXING = YES;
				GCC_C_LANGUAGE_STANDARD = gnu17;
				GCC_DYNAMIC_NO_PIC = NO;
				GCC_NO_COMMON_BLOCKS = YES;
				GCC_OPTIMIZATION_LEVEL = 0;
				GCC_PREPROCESSOR_DEFINITIONS = (
					"DEBUG=1",
					"$(inherited)",
				);
				GCC_WARN_64_TO_32_BIT_CONVERSION = YES;
				GCC_WARN_ABOUT_RETURN_TYPE = YES_ERROR;
				GCC_WARN_UNDECLARED_SELECTOR = YES;
				GCC_WARN_UNINITIALIZED_AUTOS = YES_AGGRESSIVE;
				GCC_WARN_UNUSED_FUNCTION = YES;
				GCC_WARN_UNUSED_VARIABLE = YES;
				IPHONEOS_DEPLOYMENT_TARGET = 18.5;
				LOCALIZATION_PREFERS_STRING_CATALOGS = YES;
				MTL_ENABLE_DEBUG_INFO = INCLUDE_SOURCE;
				MTL_FAST_MATH = YES;
				ONLY_ACTIVE_ARCH = YES;
				SDKROOT = iphoneos;
				SWIFT_ACTIVE_COMPILATION_CONDITIONS = "DEBUG $(inherited)";
				SWIFT_OPTIMIZATION_LEVEL = "-Onone";
			};
			name = Debug;
		};
		6051C0762E20EE4800959CE0 /* Release */ = {
			isa = XCBuildConfiguration;
			buildSettings = {
				ALWAYS_SEARCH_USER_PATHS = NO;
				ASSETCATALOG_COMPILER_GENERATE_SWIFT_ASSET_SYMBOL_EXTENSIONS = YES;
				CLANG_ANALYZER_NONNULL = YES;
				CLANG_ANALYZER_NUMBER_OBJECT_CONVERSION = YES_AGGRESSIVE;
				CLANG_CXX_LANGUAGE_STANDARD = "gnu++20";
				CLANG_ENABLE_MODULES = YES;
				CLANG_ENABLE_OBJC_ARC = YES;
				CLANG_ENABLE_OBJC_WEAK = YES;
				CLANG_WARN_BLOCK_CAPTURE_AUTORELEASING = YES;
				CLANG_WARN_BOOL_CONVERSION = YES;
				CLANG_WARN_COMMA = YES;
				CLANG_WARN_CONSTANT_CONVERSION = YES;
				CLANG_WARN_DEPRECATED_OBJC_IMPLEMENTATIONS = YES;
				CLANG_WARN_DIRECT_OBJC_ISA_USAGE = YES_ERROR;
				CLANG_WARN_DOCUMENTATION_COMMENTS = YES;
				CLANG_WARN_EMPTY_BODY = YES;
				CLANG_WARN_ENUM_CONVERSION = YES;
				CLANG_WARN_INFINITE_RECURSION = YES;
				CLANG_WARN_INT_CONVERSION = YES;
				CLANG_WARN_NON_LITERAL_NULL_CONVERSION = YES;
				CLANG_WARN_OBJC_IMPLICIT_RETAIN_SELF = YES;
				CLANG_WARN_OBJC_LITERAL_CONVERSION = YES;
				CLANG_WARN_OBJC_ROOT_CLASS = YES_ERROR;
				CLANG_WARN_QUOTED_INCLUDE_IN_FRAMEWORK_HEADER = YES;
				CLANG_WARN_RANGE_LOOP_ANALYSIS = YES;
				CLANG_WARN_STRICT_PROTOTYPES = YES;
				CLANG_WARN_SUSPICIOUS_MOVE = YES;
				CLANG_WARN_UNGUARDED_AVAILABILITY = YES_AGGRESSIVE;
				CLANG_WARN_UNREACHABLE_CODE = YES;
				CLANG_WARN__DUPLICATE_METHOD_MATCH = YES;
				COPY_PHASE_STRIP = NO;
				DEBUG_INFORMATION_FORMAT = "dwarf-with-dsym";
				DEVELOPMENT_TEAM = 25233JX367;
				ENABLE_NS_ASSERTIONS = NO;
				ENABLE_STRICT_OBJC_MSGSEND = YES;
				ENABLE_USER_SCRIPT_SANDBOXING = YES;
				GCC_C_LANGUAGE_STANDARD = gnu17;
				GCC_NO_COMMON_BLOCKS = YES;
				GCC_WARN_64_TO_32_BIT_CONVERSION = YES;
				GCC_WARN_ABOUT_RETURN_TYPE = YES_ERROR;
				GCC_WARN_UNDECLARED_SELECTOR = YES;
				GCC_WARN_UNINITIALIZED_AUTOS = YES_AGGRESSIVE;
				GCC_WARN_UNUSED_FUNCTION = YES;
				GCC_WARN_UNUSED_VARIABLE = YES;
				IPHONEOS_DEPLOYMENT_TARGET = 18.5;
				LOCALIZATION_PREFERS_STRING_CATALOGS = YES;
				MTL_ENABLE_DEBUG_INFO = NO;
				MTL_FAST_MATH = YES;
				SDKROOT = iphoneos;
				SWIFT_COMPILATION_MODE = wholemodule;
				VALIDATE_PRODUCT = YES;
			};
			name = Release;
		};
		6051C0782E20EE4800959CE0 /* Debug */ = {
			isa = XCBuildConfiguration;
			buildSettings = {
				ASSETCATALOG_COMPILER_APPICON_NAME = AppIcon;
				ASSETCATALOG_COMPILER_GLOBAL_ACCENT_COLOR_NAME = AccentColor;
				CODE_SIGN_STYLE = Automatic;
				CURRENT_PROJECT_VERSION = 1;
				DEVELOPMENT_TEAM = 25233JX367;
				ENABLE_PREVIEWS = YES;
				GENERATE_INFOPLIST_FILE = YES;
				INFOPLIST_FILE = Ramujikun/Info.plist;
				INFOPLIST_KEY_CFBundleDisplayName = "ららららむじくん";
				INFOPLIST_KEY_LSApplicationCategoryType = "public.app-category.lifestyle";
				INFOPLIST_KEY_NSRemindersUsageDescription = "気分記録のリマインダー通知を送信します";
				INFOPLIST_KEY_UIApplicationSceneManifest_Generation = YES;
				INFOPLIST_KEY_UIApplicationSupportsIndirectInputEvents = YES;
				INFOPLIST_KEY_UILaunchScreen_Generation = YES;
				INFOPLIST_KEY_UISupportedInterfaceOrientations = UIInterfaceOrientationPortrait;
				INFOPLIST_KEY_UISupportedInterfaceOrientations_iPad = "UIInterfaceOrientationLandscapeLeft UIInterfaceOrientationLandscapeRight UIInterfaceOrientationPortrait UIInterfaceOrientationPortraitUpsideDown";
				IPHONEOS_DEPLOYMENT_TARGET = 17.6;
				LD_RUNPATH_SEARCH_PATHS = (
					"$(inherited)",
					"@executable_path/Frameworks",
				);
				MARKETING_VERSION = 1.0;
				PRODUCT_BUNDLE_IDENTIFIER = com.akotetsu.Ramujikun;
				PRODUCT_NAME = "$(TARGET_NAME)";
				SWIFT_EMIT_LOC_STRINGS = YES;
				SWIFT_VERSION = 5.0;
				TARGETED_DEVICE_FAMILY = 1;
			};
			name = Debug;
		};
		6051C0792E20EE4800959CE0 /* Release */ = {
			isa = XCBuildConfiguration;
			buildSettings = {
				ASSETCATALOG_COMPILER_APPICON_NAME = AppIcon;
				ASSETCATALOG_COMPILER_GLOBAL_ACCENT_COLOR_NAME = AccentColor;
				CODE_SIGN_STYLE = Automatic;
				CURRENT_PROJECT_VERSION = 1;
				DEVELOPMENT_TEAM = 25233JX367;
				ENABLE_PREVIEWS = YES;
				GENERATE_INFOPLIST_FILE = YES;
				INFOPLIST_FILE = Ramujikun/Info.plist;
				INFOPLIST_KEY_CFBundleDisplayName = "ららららむじくん";
				INFOPLIST_KEY_LSApplicationCategoryType = "public.app-category.lifestyle";
				INFOPLIST_KEY_NSRemindersUsageDescription = "気分記録のリマインダー通知を送信します";
				INFOPLIST_KEY_UIApplicationSceneManifest_Generation = YES;
				INFOPLIST_KEY_UIApplicationSupportsIndirectInputEvents = YES;
				INFOPLIST_KEY_UILaunchScreen_Generation = YES;
				INFOPLIST_KEY_UISupportedInterfaceOrientations = UIInterfaceOrientationPortrait;
				INFOPLIST_KEY_UISupportedInterfaceOrientations_iPad = "UIInterfaceOrientationLandscapeLeft UIInterfaceOrientationLandscapeRight UIInterfaceOrientationPortrait UIInterfaceOrientationPortraitUpsideDown";
				IPHONEOS_DEPLOYMENT_TARGET = 17.6;
				LD_RUNPATH_SEARCH_PATHS = (
					"$(inherited)",
					"@executable_path/Frameworks",
				);
				MARKETING_VERSION = 1.0;
				PRODUCT_BUNDLE_IDENTIFIER = com.akotetsu.Ramujikun;
				PRODUCT_NAME = "$(TARGET_NAME)";
				SWIFT_EMIT_LOC_STRINGS = YES;
				SWIFT_VERSION = 5.0;
				TARGETED_DEVICE_FAMILY = 1;
			};
			name = Release;
		};
/* End XCBuildConfiguration section */

/* Begin XCConfigurationList section */
		6051C0672E20EE4600959CE0 /* Build configuration list for PBXProject "Ramujikun" */ = {
			isa = XCConfigurationList;
			buildConfigurations = (
				6051C0752E20EE4800959CE0 /* Debug */,
				6051C0762E20EE4800959CE0 /* Release */,
			);
			defaultConfigurationIsVisible = 0;
			defaultConfigurationName = Release;
		};
		6051C0772E20EE4800959CE0 /* Build configuration list for PBXNativeTarget "Ramujikun" */ = {
			isa = XCConfigurationList;
			buildConfigurations = (
				6051C0782E20EE4800959CE0 /* Debug */,
				6051C0792E20EE4800959CE0 /* Release */,
			);
			defaultConfigurationIsVisible = 0;
			defaultConfigurationName = Release;
		};
/* End XCConfigurationList section */

/* Begin XCRemoteSwiftPackageReference section */
		6051C0922E20F1F700959CE0 /* XCRemoteSwiftPackageReference "firebase-ios-sdk" */ = {
			isa = XCRemoteSwiftPackageReference;
			repositoryURL = "https://github.com/firebase/firebase-ios-sdk";
			requirement = {
				kind = upToNextMajorVersion;
				minimumVersion = 11.15.0;
			};
		};
/* End XCRemoteSwiftPackageReference section */

/* Begin XCSwiftPackageProductDependency section */
		6051C0932E20F1F700959CE0 /* FirebaseAuth */ = {
			isa = XCSwiftPackageProductDependency;
			package = 6051C0922E20F1F700959CE0 /* XCRemoteSwiftPackageReference "firebase-ios-sdk" */;
			productName = FirebaseAuth;
		};
		6051C0952E20F1F700959CE0 /* FirebaseFirestore */ = {
			isa = XCSwiftPackageProductDependency;
			package = 6051C0922E20F1F700959CE0 /* XCRemoteSwiftPackageReference "firebase-ios-sdk" */;
			productName = FirebaseFirestore;
		};
/* End XCSwiftPackageProductDependency section */
	};
	rootObject = 6051C0642E20EE4600959CE0 /* Project object */;
}
